{
  "name": "spliiter",
  "version": "1.0.0",
  "lockfileVersion": 1,
  "requires": true,
  "dependencies": {
    "assert-throws-async": {
      "version": "2.0.1",
      "resolved": "https://registry.npmjs.org/assert-throws-async/-/assert-throws-async-2.0.1.tgz",
      "integrity": "sha512-2QpumAN1Rj/YE1OjCONI2WzBPtaXE5xXDhTxvDeM7kMSFO8PaWkwYCRO8iTX4y/knodLBAQu2lZkqmbTPx0JPg=="
    }
  }
}
